// !$*UTF8*$!
{
	archiveVersion = 1;
	classes = {
	};
	objectVersion = 46;
	objects = {

/* Begin PBXBuildFile section */
		68849C051C166CCB00186989 /* KTSearchUpdateVC.m in Sources */ = {isa = PBXBuildFile; fileRef = 68849C041C166CCB00186989 /* KTSearchUpdateVC.m */; };
		68A4A2991C11715C0046290A /* main.m in Sources */ = {isa = PBXBuildFile; fileRef = 68A4A2981C11715C0046290A /* main.m */; };
		68A4A29C1C11715C0046290A /* AppDelegate.m in Sources */ = {isa = PBXBuildFile; fileRef = 68A4A29B1C11715C0046290A /* AppDelegate.m */; };
		68A4A29F1C11715C0046290A /* ViewController.m in Sources */ = {isa = PBXBuildFile; fileRef = 68A4A29E1C11715C0046290A /* ViewController.m */; };
		68A4A2A21C11715C0046290A /* Main.storyboard in Resources */ = {isa = PBXBuildFile; fileRef = 68A4A2A01C11715C0046290A /* Main.storyboard */; };
		68A4A2A41C11715C0046290A /* Assets.xcassets in Resources */ = {isa = PBXBuildFile; fileRef = 68A4A2A31C11715C0046290A /* Assets.xcassets */; };
		68A4A2A71C11715C0046290A /* LaunchScreen.storyboard in Resources */ = {isa = PBXBuildFile; fileRef = 68A4A2A51C11715C0046290A /* LaunchScreen.storyboard */; };
		68A4A2BC1C117DD60046290A /* KTListTableViewController.m in Sources */ = {isa = PBXBuildFile; fileRef = 68A4A2BB1C117DD60046290A /* KTListTableViewController.m */; };
		68C8B0241C154D44006FDD78 /* KTListTableView.storyboard in Resources */ = {isa = PBXBuildFile; fileRef = 68C8B0231C154D44006FDD78 /* KTListTableView.storyboard */; };
		68C8B0271C1560BA006FDD78 /* KTListDataModel.m in Sources */ = {isa = PBXBuildFile; fileRef = 68C8B0261C1560BA006FDD78 /* KTListDataModel.m */; };
		68C8B02A1C156431006FDD78 /* KTListTableCell.m in Sources */ = {isa = PBXBuildFile; fileRef = 68C8B0291C156431006FDD78 /* KTListTableCell.m */; };
		68C8B0331C157B31006FDD78 /* KTWordIndex.m in Sources */ = {isa = PBXBuildFile; fileRef = 68C8B0321C157B31006FDD78 /* KTWordIndex.m */; };
/* End PBXBuildFile section */

/* Begin PBXFileReference section */
		68849C031C166CCB00186989 /* KTSearchUpdateVC.h */ = {isa = PBXFileReference; fileEncoding = 4; lastKnownFileType = sourcecode.c.h; path = KTSearchUpdateVC.h; sourceTree = "<group>"; };
		68849C041C166CCB00186989 /* KTSearchUpdateVC.m */ = {isa = PBXFileReference; fileEncoding = 4; lastKnownFileType = sourcecode.c.objc; path = KTSearchUpdateVC.m; sourceTree = "<group>"; };
		68A4A2941C11715C0046290A /* KTListTableViewDemo.app */ = {isa = PBXFileReference; explicitFileType = wrapper.application; includeInIndex = 0; path = KTListTableViewDemo.app; sourceTree = BUILT_PRODUCTS_DIR; };
		68A4A2981C11715C0046290A /* main.m */ = {isa = PBXFileReference; lastKnownFileType = sourcecode.c.objc; path = main.m; sourceTree = "<group>"; };
		68A4A29A1C11715C0046290A /* AppDelegate.h */ = {isa = PBXFileReference; lastKnownFileType = sourcecode.c.h; path = AppDelegate.h; sourceTree = "<group>"; };
		68A4A29B1C11715C0046290A /* AppDelegate.m */ = {isa = PBXFileReference; lastKnownFileType = sourcecode.c.objc; path = AppDelegate.m; sourceTree = "<group>"; };
		68A4A29D1C11715C0046290A /* ViewController.h */ = {isa = PBXFileReference; lastKnownFileType = sourcecode.c.h; path = ViewController.h; sourceTree = "<group>"; };
		68A4A29E1C11715C0046290A /* ViewController.m */ = {isa = PBXFileReference; lastKnownFileType = sourcecode.c.objc; path = ViewController.m; sourceTree = "<group>"; };
		68A4A2A11C11715C0046290A /* Base */ = {isa = PBXFileReference; lastKnownFileType = file.storyboard; name = Base; path = Base.lproj/Main.storyboard; sourceTree = "<group>"; };
		68A4A2A31C11715C0046290A /* Assets.xcassets */ = {isa = PBXFileReference; lastKnownFileType = folder.assetcatalog; path = Assets.xcassets; sourceTree = "<group>"; };
		68A4A2A61C11715C0046290A /* Base */ = {isa = PBXFileReference; lastKnownFileType = file.storyboard; name = Base; path = Base.lproj/LaunchScreen.storyboard; sourceTree = "<group>"; };
		68A4A2A81C11715C0046290A /* Info.plist */ = {isa = PBXFileReference; lastKnownFileType = text.plist.xml; path = Info.plist; sourceTree = "<group>"; };
		68A4A2BA1C117DD60046290A /* KTListTableViewController.h */ = {isa = PBXFileReference; fileEncoding = 4; lastKnownFileType = sourcecode.c.h; path = KTListTableViewController.h; sourceTree = "<group>"; };
		68A4A2BB1C117DD60046290A /* KTListTableViewController.m */ = {isa = PBXFileReference; fileEncoding = 4; lastKnownFileType = sourcecode.c.objc; path = KTListTableViewController.m; sourceTree = "<group>"; };
		68C8B0231C154D44006FDD78 /* KTListTableView.storyboard */ = {isa = PBXFileReference; fileEncoding = 4; lastKnownFileType = file.storyboard; path = KTListTableView.storyboard; sourceTree = "<group>"; };
		68C8B0251C1560BA006FDD78 /* KTListDataModel.h */ = {isa = PBXFileReference; fileEncoding = 4; lastKnownFileType = sourcecode.c.h; path = KTListDataModel.h; sourceTree = "<group>"; };
		68C8B0261C1560BA006FDD78 /* KTListDataModel.m */ = {isa = PBXFileReference; fileEncoding = 4; lastKnownFileType = sourcecode.c.objc; path = KTListDataModel.m; sourceTree = "<group>"; };
		68C8B0281C156431006FDD78 /* KTListTableCell.h */ = {isa = PBXFileReference; fileEncoding = 4; lastKnownFileType = sourcecode.c.h; path = KTListTableCell.h; sourceTree = "<group>"; };
		68C8B0291C156431006FDD78 /* KTListTableCell.m */ = {isa = PBXFileReference; fileEncoding = 4; lastKnownFileType = sourcecode.c.objc; path = KTListTableCell.m; sourceTree = "<group>"; };
		68C8B02D1C156CC0006FDD78 /* pinyin.h */ = {isa = PBXFileReference; fileEncoding = 4; lastKnownFileType = sourcecode.c.h; path = pinyin.h; sourceTree = "<group>"; };
		68C8B0311C157B31006FDD78 /* KTWordIndex.h */ = {isa = PBXFileReference; fileEncoding = 4; lastKnownFileType = sourcecode.c.h; path = KTWordIndex.h; sourceTree = "<group>"; };
		68C8B0321C157B31006FDD78 /* KTWordIndex.m */ = {isa = PBXFileReference; fileEncoding = 4; lastKnownFileType = sourcecode.c.objc; path = KTWordIndex.m; sourceTree = "<group>"; };
/* End PBXFileReference section */

/* Begin PBXFrameworksBuildPhase section */
		68A4A2911C11715C0046290A /* Frameworks */ = {
			isa = PBXFrameworksBuildPhase;
			buildActionMask = 2147483647;
			files = (
			);
			runOnlyForDeploymentPostprocessing = 0;
		};
/* End PBXFrameworksBuildPhase section */

/* Begin PBXGroup section */
		68A4A28B1C11715C0046290A = {
			isa = PBXGroup;
			children = (
				68A4A2961C11715C0046290A /* KTListTableViewDemo */,
				68A4A2951C11715C0046290A /* Products */,
			);
			sourceTree = "<group>";
		};
		68A4A2951C11715C0046290A /* Products */ = {
			isa = PBXGroup;
			children = (
				68A4A2941C11715C0046290A /* KTListTableViewDemo.app */,
			);
			name = Products;
			sourceTree = "<group>";
		};
		68A4A2961C11715C0046290A /* KTListTableViewDemo */ = {
			isa = PBXGroup;
			children = (
				68A4A2AE1C1171660046290A /* KTListTableView */,
				68A4A2971C11715C0046290A /* Supporting Files */,
				68A4A29D1C11715C0046290A /* ViewController.h */,
				68A4A29E1C11715C0046290A /* ViewController.m */,
			);
			path = KTListTableViewDemo;
			sourceTree = "<group>";
		};
		68A4A2971C11715C0046290A /* Supporting Files */ = {
			isa = PBXGroup;
			children = (
				68A4A29A1C11715C0046290A /* AppDelegate.h */,
				68A4A29B1C11715C0046290A /* AppDelegate.m */,
				68A4A2A31C11715C0046290A /* Assets.xcassets */,
				68A4A2A81C11715C0046290A /* Info.plist */,
				68A4A2A51C11715C0046290A /* LaunchScreen.storyboard */,
				68A4A2A01C11715C0046290A /* Main.storyboard */,
				68A4A2981C11715C0046290A /* main.m */,
			);
			path = "Supporting Files";
			sourceTree = "<group>";
		};
		68A4A2AE1C1171660046290A /* KTListTableView */ = {
			isa = PBXGroup;
			children = (
				68A4A2BA1C117DD60046290A /* KTListTableViewController.h */,
				68A4A2BB1C117DD60046290A /* KTListTableViewController.m */,
				68849C031C166CCB00186989 /* KTSearchUpdateVC.h */,
				68849C041C166CCB00186989 /* KTSearchUpdateVC.m */,
				68C8B0281C156431006FDD78 /* KTListTableCell.h */,
				68C8B0291C156431006FDD78 /* KTListTableCell.m */,
				68C8B0251C1560BA006FDD78 /* KTListDataModel.h */,
				68C8B0261C1560BA006FDD78 /* KTListDataModel.m */,
				68C8B0231C154D44006FDD78 /* KTListTableView.storyboard */,
				68C8B0311C157B31006FDD78 /* KTWordIndex.h */,
				68C8B0321C157B31006FDD78 /* KTWordIndex.m */,
				68C8B02D1C156CC0006FDD78 /* pinyin.h */,
			);
			path = KTListTableView;
			sourceTree = "<group>";
		};
/* End PBXGroup section */

/* Begin PBXNativeTarget section */
		68A4A2931C11715C0046290A /* KTListTableViewDemo */ = {
			isa = PBXNativeTarget;
			buildConfigurationList = 68A4A2AB1C11715C0046290A /* Build configuration list for PBXNativeTarget "KTListTableViewDemo" */;
			buildPhases = (
				68A4A2901C11715C0046290A /* Sources */,
				68A4A2911C11715C0046290A /* Frameworks */,
				68A4A2921C11715C0046290A /* Resources */,
			);
			buildRules = (
			);
			dependencies = (
			);
			name = KTListTableViewDemo;
			productName = KTListTableViewDemo;
			productReference = 68A4A2941C11715C0046290A /* KTListTableViewDemo.app */;
			productType = "com.apple.product-type.application";
		};
/* End PBXNativeTarget section */

/* Begin PBXProject section */
		68A4A28C1C11715C0046290A /* Project object */ = {
			isa = PBXProject;
			attributes = {
				LastUpgradeCheck = 0710;
				ORGANIZATIONNAME = KT;
				TargetAttributes = {
					68A4A2931C11715C0046290A = {
						CreatedOnToolsVersion = 7.1;
					};
				};
			};
			buildConfigurationList = 68A4A28F1C11715C0046290A /* Build configuration list for PBXProject "KTListTableViewDemo" */;
			compatibilityVersion = "Xcode 3.2";
			developmentRegion = English;
			hasScannedForEncodings = 0;
			knownRegions = (
				en,
				Base,
			);
			mainGroup = 68A4A28B1C11715C0046290A;
			productRefGroup = 68A4A2951C11715C0046290A /* Products */;
			projectDirPath = "";
			projectRoot = "";
			targets = (
				68A4A2931C11715C0046290A /* KTListTableViewDemo */,
			);
		};
/* End PBXProject section */

/* Begin PBXResourcesBuildPhase section */
		68A4A2921C11715C0046290A /* Resources */ = {
			isa = PBXResourcesBuildPhase;
			buildActionMask = 2147483647;
			files = (
				68A4A2A71C11715C0046290A /* LaunchScreen.storyboard in Resources */,
				68A4A2A41C11715C0046290A /* Assets.xcassets in Resources */,
				68A4A2A21C11715C0046290A /* Main.storyboard in Resources */,
				68C8B0241C154D44006FDD78 /* KTListTableView.storyboard in Resources */,
			);
			runOnlyForDeploymentPostprocessing = 0;
		};
/* End PBXResourcesBuildPhase section */

/* Begin PBXSourcesBuildPhase section */
		68A4A2901C11715C0046290A /* Sources */ = {
			isa = PBXSourcesBuildPhase;
			buildActionMask = 2147483647;
			files = (
				68A4A2BC1C117DD60046290A /* KTListTableViewController.m in Sources */,
				68A4A29F1C11715C0046290A /* ViewController.m in Sources */,
				68C8B0331C157B31006FDD78 /* KTWordIndex.m in Sources */,
				68A4A29C1C11715C0046290A /* AppDelegate.m in Sources */,
				68C8B0271C1560BA006FDD78 /* KTListDataModel.m in Sources */,
				68A4A2991C11715C0046290A /* main.m in Sources */,
				68849C051C166CCB00186989 /* KTSearchUpdateVC.m in Sources */,
				68C8B02A1C156431006FDD78 /* KTListTableCell.m in Sources */,
			);
			runOnlyForDeploymentPostprocessing = 0;
		};
/* End PBXSourcesBuildPhase section */

/* Begin PBXVariantGroup section */
		68A4A2A01C11715C0046290A /* Main.storyboard */ = {
			isa = PBXVariantGroup;
			children = (
				68A4A2A11C11715C0046290A /* Base */,
			);
			name = Main.storyboard;
			path = .;
			sourceTree = "<group>";
		};
		68A4A2A51C11715C0046290A /* LaunchScreen.storyboard */ = {
			isa = PBXVariantGroup;
			children = (
				68A4A2A61C11715C0046290A /* Base */,
			);
			name = LaunchScreen.storyboard;
			path = .;
			sourceTree = "<group>";
		};
/* End PBXVariantGroup section */

/* Begin XCBuildConfiguration section */
		68A4A2A91C11715C0046290A /* Debug */ = {
			isa = XCBuildConfiguration;
			buildSettings = {
				ALWAYS_SEARCH_USER_PATHS = NO;
				CLANG_CXX_LANGUAGE_STANDARD = "gnu++0x";
				CLANG_CXX_LIBRARY = "libc++";
				CLANG_ENABLE_MODULES = YES;
				CLANG_ENABLE_OBJC_ARC = YES;
				CLANG_WARN_BOOL_CONVERSION = YES;
				CLANG_WARN_CONSTANT_CONVERSION = YES;
				CLANG_WARN_DIRECT_OBJC_ISA_USAGE = YES_ERROR;
				CLANG_WARN_EMPTY_BODY = YES;
				CLANG_WARN_ENUM_CONVERSION = YES;
				CLANG_WARN_INT_CONVERSION = YES;
				CLANG_WARN_OBJC_ROOT_CLASS = YES_ERROR;
				CLANG_WARN_UNREACHABLE_CODE = YES;
				CLANG_WARN__DUPLICATE_METHOD_MATCH = YES;
				"CODE_SIGN_IDENTITY[sdk=iphoneos*]" = "iPhone Developer";
				COPY_PHASE_STRIP = NO;
				DEBUG_INFORMATION_FORMAT = dwarf;
				ENABLE_STRICT_OBJC_MSGSEND = YES;
				ENABLE_TESTABILITY = YES;
				GCC_C_LANGUAGE_STANDARD = gnu99;
				GCC_DYNAMIC_NO_PIC = NO;
				GCC_NO_COMMON_BLOCKS = YES;
				GCC_OPTIMIZATION_LEVEL = 0;
				GCC_PREPROCESSOR_DEFINITIONS = (
					"DEBUG=1",
					"$(inherited)",
				);
				GCC_WARN_64_TO_32_BIT_CONVERSION = YES;
				GCC_WARN_ABOUT_RETURN_TYPE = YES_ERROR;
				GCC_WARN_UNDECLARED_SELECTOR = YES;
				GCC_WARN_UNINITIALIZED_AUTOS = YES_AGGRESSIVE;
				GCC_WARN_UNUSED_FUNCTION = YES;
				GCC_WARN_UNUSED_VARIABLE = YES;
				IPHONEOS_DEPLOYMENT_TARGET = 9.1;
				MTL_ENABLE_DEBUG_INFO = YES;
				ONLY_ACTIVE_ARCH = YES;
				SDKROOT = iphoneos;
			};
			name = Debug;
		};
		68A4A2AA1C11715C0046290A /* Release */ = {
			isa = XCBuildConfiguration;
			buildSettings = {
				ALWAYS_SEARCH_USER_PATHS = NO;
				CLANG_CXX_LANGUAGE_STANDARD = "gnu++0x";
				CLANG_CXX_LIBRARY = "libc++";
				CLANG_ENABLE_MODULES = YES;
				CLANG_ENABLE_OBJC_ARC = YES;
				CLANG_WARN_BOOL_CONVERSION = YES;
				CLANG_WARN_CONSTANT_CONVERSION = YES;
				CLANG_WARN_DIRECT_OBJC_ISA_USAGE = YES_ERROR;
				CLANG_WARN_EMPTY_BODY = YES;
				CLANG_WARN_ENUM_CONVERSION = YES;
				CLANG_WARN_INT_CONVERSION = YES;
				CLANG_WARN_OBJC_ROOT_CLASS = YES_ERROR;
				CLANG_WARN_UNREACHABLE_CODE = YES;
				CLANG_WARN__DUPLICATE_METHOD_MATCH = YES;
				"CODE_SIGN_IDENTITY[sdk=iphoneos*]" = "iPhone Developer";
				COPY_PHASE_STRIP = NO;
				DEBUG_INFORMATION_FORMAT = "dwarf-with-dsym";
				ENABLE_NS_ASSERTIONS = NO;
				ENABLE_STRICT_OBJC_MSGSEND = YES;
				GCC_C_LANGUAGE_STANDARD = gnu99;
				GCC_NO_COMMON_BLOCKS = YES;
				GCC_WARN_64_TO_32_BIT_CONVERSION = YES;
				GCC_WARN_ABOUT_RETURN_TYPE = YES_ERROR;
				GCC_WARN_UNDECLARED_SELECTOR = YES;
				GCC_WARN_UNINITIALIZED_AUTOS = YES_AGGRESSIVE;
				GCC_WARN_UNUSED_FUNCTION = YES;
				GCC_WARN_UNUSED_VARIABLE = YES;
				IPHONEOS_DEPLOYMENT_TARGET = 9.1;
				MTL_ENABLE_DEBUG_INFO = NO;
				SDKROOT = iphoneos;
				VALIDATE_PRODUCT = YES;
			};
			name = Release;
		};
		68A4A2AC1C11715C0046290A /* Debug */ = {
			isa = XCBuildConfiguration;
			buildSettings = {
				ASSETCATALOG_COMPILER_APPICON_NAME = AppIcon;
				INFOPLIST_FILE = "KTListTableViewDemo/Supporting Files/Info.plist";
				LD_RUNPATH_SEARCH_PATHS = "$(inherited) @executable_path/Frameworks";
				PRODUCT_BUNDLE_IDENTIFIER = KT.WuHou.KTListTableViewDemo;
				PRODUCT_NAME = "$(TARGET_NAME)";
			};
			name = Debug;
		};
		68A4A2AD1C11715C0046290A /* Release */ = {
			isa = XCBuildConfiguration;
			buildSettings = {
				ASSETCATALOG_COMPILER_APPICON_NAME = AppIcon;
				INFOPLIST_FILE = "KTListTableViewDemo/Supporting Files/Info.plist";
				LD_RUNPATH_SEARCH_PATHS = "$(inherited) @executable_path/Frameworks";
				PRODUCT_BUNDLE_IDENTIFIER = KT.WuHou.KTListTableViewDemo;
				PRODUCT_NAME = "$(TARGET_NAME)";
			};
			name = Release;
		};
/* End XCBuildConfiguration section */

/* Begin XCConfigurationList section */
		68A4A28F1C11715C0046290A /* Build configuration list for PBXProject "KTListTableViewDemo" */ = {
			isa = XCConfigurationList;
			buildConfigurations = (
				68A4A2A91C11715C0046290A /* Debug */,
				68A4A2AA1C11715C0046290A /* Release */,
			);
			defaultConfigurationIsVisible = 0;
			defaultConfigurationName = Release;
		};
		68A4A2AB1C11715C0046290A /* Build configuration list for PBXNativeTarget "KTListTableViewDemo" */ = {
			isa = XCConfigurationList;
			buildConfigurations = (
				68A4A2AC1C11715C0046290A /* Debug */,
				68A4A2AD1C11715C0046290A /* Release */,
			);
			defaultConfigurationIsVisible = 0;
			defaultConfigurationName = Release;
		};
/* End XCConfigurationList section */
	};
	rootObject = 68A4A28C1C11715C0046290A /* Project object */;
}
